
Microsoft Visual Studio Solution File, Format Version 10.00
# Visual Studio 2008
Project("{8BC9CEB8-8B4A-11D0-8D11-00A0C91BC942}") = "lab6_1", "lab6_1\lab6_1.vcproj", "{2E468AB4-A391-4A39-B2FC-9375634364D8}"
EndProject
Project("{8BC9CEB8-8B4A-11D0-8D11-00A0C91BC942}") = "lab6_2", "lab6_2\lab6_2.vcproj", "{9D9419DC-7364-4A3B-B5EA-DB115924F8E8}"
EndProject
Project("{8BC9CEB8-8B4A-11D0-8D11-00A0C91BC942}") = "lab6_3", "lab6_3\lab6_3.vcproj", "{610B664B-114A-4C48-9420-D8E8932D0759}"
EndProject
Project("{8BC9CEB8-8B4A-11D0-8D11-00A0C91BC942}") = "lab6_4", "lab6_4\lab6_4.vcproj", "{A32BBC49-E9F6-4E42-B38E-A1D9649D6E7A}"
EndProject
Project("{8BC9CEB8-8B4A-11D0-8D11-00A0C91BC942}") = "lab6_5", "lab6_5\lab6_5.vcproj", "{3998F8AE-6E85-4C1D-8720-7950B3462312}"
EndProject
Project("{8BC9CEB8-8B4A-11D0-8D11-00A0C91BC942}") = "lab6_6", "lab6_6\lab6_6.vcproj", "{F9CC8384-0142-48A0-BB1C-EA9339CF56E1}"
EndProject
Project("{8BC9CEB8-8B4A-11D0-8D11-00A0C91BC942}") = "ex6-10", "ex6-10\ex6-10.vcproj", "{967ECEE7-62E0-48B2-914C-C47646B84663}"
EndProject
Project("{8BC9CEB8-8B4A-11D0-8D11-00A0C91BC942}") = "ex6-20", "ex6-20\ex6-20.vcproj", "{F7105EFE-934D-46AA-BCC2-8374F9BA111E}"
EndProject
Project("{8BC9CEB8-8B4A-11D0-8D11-00A0C91BC942}") = "ex6-21", "ex6-21\ex6-21.vcproj", "{09C46302-845C-4910-8CC2-FED2A11F57F4}"
EndProject
Project("{8BC9CEB8-8B4A-11D0-8D11-00A0C91BC942}") = "ex6-22", "ex6-22\ex6-22.vcproj", "{E15791C0-6BDC-4EE4-BA91-B36E108C3ABA}"
EndProject
Project("{8BC9CEB8-8B4A-11D0-8D11-00A0C91BC942}") = "ex6-23", "ex6-23\ex6-23.vcproj", "{EB381651-5F74-4B1E-B21C-20F494D14C1E}"
EndProject
Project("{8BC9CEB8-8B4A-11D0-8D11-00A0C91BC942}") = "ex6-24", "ex6-24\ex6-24.vcproj", "{06ACA870-68F4-491C-97C5-F3A4C2C00503}"
EndProject
Project("{8BC9CEB8-8B4A-11D0-8D11-00A0C91BC942}") = "ex6-25", "ex6-25\ex6-25.vcproj", "{2329160C-A1ED-4631-9E0E-9A00D02A98EE}"
EndProject
Project("{8BC9CEB8-8B4A-11D0-8D11-00A0C91BC942}") = "ex6-26", "ex6-26\ex6-26.vcproj", "{CA40EAE9-B251-4317-A2C3-BF9401AC81AA}"
EndProject
Project("{8BC9CEB8-8B4A-11D0-8D11-00A0C91BC942}") = "ex6-27", "ex6-27\ex6-27.vcproj", "{85AFC10C-B547-41FD-965A-BA66D6FED4B9}"
EndProject
Global
	GlobalSection(SolutionConfigurationPlatforms) = preSolution
		Debug|Win32 = Debug|Win32
		Release|Win32 = Release|Win32
	EndGlobalSection
	GlobalSection(ProjectConfigurationPlatforms) = postSolution
		{2E468AB4-A391-4A39-B2FC-9375634364D8}.Debug|Win32.ActiveCfg = Debug|Win32
		{2E468AB4-A391-4A39-B2FC-9375634364D8}.Debug|Win32.Build.0 = Debug|Win32
		{2E468AB4-A391-4A39-B2FC-9375634364D8}.Release|Win32.ActiveCfg = Release|Win32
		{2E468AB4-A391-4A39-B2FC-9375634364D8}.Release|Win32.Build.0 = Release|Win32
		{9D9419DC-7364-4A3B-B5EA-DB115924F8E8}.Debug|Win32.ActiveCfg = Debug|Win32
		{9D9419DC-7364-4A3B-B5EA-DB115924F8E8}.Debug|Win32.Build.0 = Debug|Win32
		{9D9419DC-7364-4A3B-B5EA-DB115924F8E8}.Release|Win32.ActiveCfg = Release|Win32
		{9D9419DC-7364-4A3B-B5EA-DB115924F8E8}.Release|Win32.Build.0 = Release|Win32
		{610B664B-114A-4C48-9420-D8E8932D0759}.Debug|Win32.ActiveCfg = Debug|Win32
		{610B664B-114A-4C48-9420-D8E8932D0759}.Debug|Win32.Build.0 = Debug|Win32
		{610B664B-114A-4C48-9420-D8E8932D0759}.Release|Win32.ActiveCfg = Release|Win32
		{610B664B-114A-4C48-9420-D8E8932D0759}.Release|Win32.Build.0 = Release|Win32
		{A32BBC49-E9F6-4E42-B38E-A1D9649D6E7A}.Debug|Win32.ActiveCfg = Debug|Win32
		{A32BBC49-E9F6-4E42-B38E-A1D9649D6E7A}.Debug|Win32.Build.0 = Debug|Win32
		{A32BBC49-E9F6-4E42-B38E-A1D9649D6E7A}.Release|Win32.ActiveCfg = Release|Win32
		{A32BBC49-E9F6-4E42-B38E-A1D9649D6E7A}.Release|Win32.Build.0 = Release|Win32
		{3998F8AE-6E85-4C1D-8720-7950B3462312}.Debug|Win32.ActiveCfg = Debug|Win32
		{3998F8AE-6E85-4C1D-8720-7950B3462312}.Debug|Win32.Build.0 = Debug|Win32
		{3998F8AE-6E85-4C1D-8720-7950B3462312}.Release|Win32.ActiveCfg = Release|Win32
		{3998F8AE-6E85-4C1D-8720-7950B3462312}.Release|Win32.Build.0 = Release|Win32
		{F9CC8384-0142-48A0-BB1C-EA9339CF56E1}.Debug|Win32.ActiveCfg = Debug|Win32
		{F9CC8384-0142-48A0-BB1C-EA9339CF56E1}.Debug|Win32.Build.0 = Debug|Win32
		{F9CC8384-0142-48A0-BB1C-EA9339CF56E1}.Release|Win32.ActiveCfg = Release|Win32
		{F9CC8384-0142-48A0-BB1C-EA9339CF56E1}.Release|Win32.Build.0 = Release|Win32
		{967ECEE7-62E0-48B2-914C-C47646B84663}.Debug|Win32.ActiveCfg = Debug|Win32
		{967ECEE7-62E0-48B2-914C-C47646B84663}.Debug|Win32.Build.0 = Debug|Win32
		{967ECEE7-62E0-48B2-914C-C47646B84663}.Release|Win32.ActiveCfg = Release|Win32
		{967ECEE7-62E0-48B2-914C-C47646B84663}.Release|Win32.Build.0 = Release|Win32
		{F7105EFE-934D-46AA-BCC2-8374F9BA111E}.Debug|Win32.ActiveCfg = Debug|Win32
		{F7105EFE-934D-46AA-BCC2-8374F9BA111E}.Debug|Win32.Build.0 = Debug|Win32
		{F7105EFE-934D-46AA-BCC2-8374F9BA111E}.Release|Win32.ActiveCfg = Release|Win32
		{F7105EFE-934D-46AA-BCC2-8374F9BA111E}.Release|Win32.Build.0 = Release|Win32
		{09C46302-845C-4910-8CC2-FED2A11F57F4}.Debug|Win32.ActiveCfg = Debug|Win32
		{09C46302-845C-4910-8CC2-FED2A11F57F4}.Debug|Win32.Build.0 = Debug|Win32
		{09C46302-845C-4910-8CC2-FED2A11F57F4}.Release|Win32.ActiveCfg = Release|Win32
		{09C46302-845C-4910-8CC2-FED2A11F57F4}.Release|Win32.Build.0 = Release|Win32
		{E15791C0-6BDC-4EE4-BA91-B36E108C3ABA}.Debug|Win32.ActiveCfg = Debug|Win32
		{E15791C0-6BDC-4EE4-BA91-B36E108C3ABA}.Debug|Win32.Build.0 = Debug|Win32
		{E15791C0-6BDC-4EE4-BA91-B36E108C3ABA}.Release|Win32.ActiveCfg = Release|Win32
		{E15791C0-6BDC-4EE4-BA91-B36E108C3ABA}.Release|Win32.Build.0 = Release|Win32
		{EB381651-5F74-4B1E-B21C-20F494D14C1E}.Debug|Win32.ActiveCfg = Debug|Win32
		{EB381651-5F74-4B1E-B21C-20F494D14C1E}.Debug|Win32.Build.0 = Debug|Win32
		{EB381651-5F74-4B1E-B21C-20F494D14C1E}.Release|Win32.ActiveCfg = Release|Win32
		{EB381651-5F74-4B1E-B21C-20F494D14C1E}.Release|Win32.Build.0 = Release|Win32
		{06ACA870-68F4-491C-97C5-F3A4C2C00503}.Debug|Win32.ActiveCfg = Debug|Win32
		{06ACA870-68F4-491C-97C5-F3A4C2C00503}.Debug|Win32.Build.0 = Debug|Win32
		{06ACA870-68F4-491C-97C5-F3A4C2C00503}.Release|Win32.ActiveCfg = Release|Win32
		{06ACA870-68F4-491C-97C5-F3A4C2C00503}.Release|Win32.Build.0 = Release|Win32
		{2329160C-A1ED-4631-9E0E-9A00D02A98EE}.Debug|Win32.ActiveCfg = Debug|Win32
		{2329160C-A1ED-4631-9E0E-9A00D02A98EE}.Debug|Win32.Build.0 = Debug|Win32
		{2329160C-A1ED-4631-9E0E-9A00D02A98EE}.Release|Win32.ActiveCfg = Release|Win32
		{2329160C-A1ED-4631-9E0E-9A00D02A98EE}.Release|Win32.Build.0 = Release|Win32
		{CA40EAE9-B251-4317-A2C3-BF9401AC81AA}.Debug|Win32.ActiveCfg = Debug|Win32
		{CA40EAE9-B251-4317-A2C3-BF9401AC81AA}.Debug|Win32.Build.0 = Debug|Win32
		{CA40EAE9-B251-4317-A2C3-BF9401AC81AA}.Release|Win32.ActiveCfg = Release|Win32
		{CA40EAE9-B251-4317-A2C3-BF9401AC81AA}.Release|Win32.Build.0 = Release|Win32
		{85AFC10C-B547-41FD-965A-BA66D6FED4B9}.Debug|Win32.ActiveCfg = Debug|Win32
		{85AFC10C-B547-41FD-965A-BA66D6FED4B9}.Debug|Win32.Build.0 = Debug|Win32
		{85AFC10C-B547-41FD-965A-BA66D6FED4B9}.Release|Win32.ActiveCfg = Release|Win32
		{85AFC10C-B547-41FD-965A-BA66D6FED4B9}.Release|Win32.Build.0 = Release|Win32
	EndGlobalSection
	GlobalSection(SolutionProperties) = preSolution
		HideSolutionNode = FALSE
	EndGlobalSection
EndGlobal
