
Microsoft Visual Studio Solution File, Format Version 12.00
# Visual Studio Version 16
VisualStudioVersion = 16.0.30804.86
MinimumVisualStudioVersion = 10.0.40219.1
Project("{8BC9CEB8-8B4A-11D0-8D11-00A0C91BC942}") = "lab9_1", "lab9_1\lab9_1.vcxproj", "{B3A0891D-B432-4ADA-A460-E92EC9595D45}"
EndProject
Project("{8BC9CEB8-8B4A-11D0-8D11-00A0C91BC942}") = "lab9_2", "lab9_2\lab9_2.vcxproj", "{B8E81352-A27B-4FB8-BCB5-433FBA7E00B3}"
EndProject
Project("{8BC9CEB8-8B4A-11D0-8D11-00A0C91BC942}") = "ex9-1", "ex9-1\ex9-1.vcxproj", "{66CA1D38-F867-4DC8-BD62-5442121CC7DE}"
EndProject
Project("{8BC9CEB8-8B4A-11D0-8D11-00A0C91BC942}") = "ex9-4", "ex9-4\ex9-4.vcxproj", "{E78F9445-87BB-4EED-8886-3FD642647F49}"
EndProject
Project("{8BC9CEB8-8B4A-11D0-8D11-00A0C91BC942}") = "ex9-6", "ex9-6\ex9-6.vcxproj", "{1574112D-FEC0-43CF-A388-6347B8F2C228}"
EndProject
Project("{8BC9CEB8-8B4A-11D0-8D11-00A0C91BC942}") = "ex9-10", "ex9-10\ex9-10.vcxproj", "{6780FBDD-1BCE-4BF1-B216-67B80B606E28}"
EndProject
Project("{8BC9CEB8-8B4A-11D0-8D11-00A0C91BC942}") = "ex9-12", "ex9-12\ex9-12.vcxproj", "{70CE84A4-0A14-4565-9773-849906D12FF9}"
EndProject
Project("{8BC9CEB8-8B4A-11D0-8D11-00A0C91BC942}") = "ex9-14", "ex9-14\ex9-14.vcxproj", "{E61B2082-2144-4C6F-9434-D74A8E53B5F7}"
EndProject
Project("{8BC9CEB8-8B4A-11D0-8D11-00A0C91BC942}") = "ex9-15", "ex9-15\ex9-15.vcxproj", "{99554A14-9B9E-44EC-9B53-DC885B8F303D}"
EndProject
Project("{8BC9CEB8-8B4A-11D0-8D11-00A0C91BC942}") = "ex9-17", "ex9-17\ex9-17.vcxproj", "{8BF51C22-1437-4BD5-BF39-AFC5EB86F5F3}"
EndProject
Project("{8BC9CEB8-8B4A-11D0-8D11-00A0C91BC942}") = "ex9-19", "ex9-19\ex9-19.vcxproj", "{F561FEF8-7A88-4D85-84E4-DC4D93E80082}"
EndProject
Project("{8BC9CEB8-8B4A-11D0-8D11-00A0C91BC942}") = "ex9-23_2", "ex9-23_2\ex9-23_2.vcxproj", "{C72A1E27-61B6-4C3D-A815-686A57480D65}"
EndProject
Project("{8BC9CEB8-8B4A-11D0-8D11-00A0C91BC942}") = "ex9-23_1", "ex9-23_1\ex9-23_1.vcxproj", "{CC3BD53F-4EE7-464E-B534-6048E97A85AB}"
EndProject
Project("{8BC9CEB8-8B4A-11D0-8D11-00A0C91BC942}") = "ex9-22_1", "ex9-22_1\ex9-22_1.vcxproj", "{F070B7B8-F435-4396-9EC7-9253E59BC838}"
EndProject
Project("{8BC9CEB8-8B4A-11D0-8D11-00A0C91BC942}") = "ex9-22_2", "ex9-22_2\ex9-22_2.vcxproj", "{B84B7F30-DAB9-45BA-9976-3B29D04E4AF9}"
EndProject
Project("{8BC9CEB8-8B4A-11D0-8D11-00A0C91BC942}") = "lab9_3", "lab9_3\lab9_3.vcxproj", "{C1618D66-C480-4E16-93A5-BA095947AC9E}"
EndProject
Project("{8BC9CEB8-8B4A-11D0-8D11-00A0C91BC942}") = "lab9_4", "lab9_4\lab9_4.vcxproj", "{5699F754-844D-45B2-8F01-4D2F1DA043A4}"
EndProject
Project("{8BC9CEB8-8B4A-11D0-8D11-00A0C91BC942}") = "lab9_5", "lab9_5\lab9_5.vcxproj", "{8A876ED4-51D7-4B85-9F73-B4837CB46C9F}"
EndProject
Global
	GlobalSection(SolutionConfigurationPlatforms) = preSolution
		Debug|Win32 = Debug|Win32
		Release|Win32 = Release|Win32
	EndGlobalSection
	GlobalSection(ProjectConfigurationPlatforms) = postSolution
		{B3A0891D-B432-4ADA-A460-E92EC9595D45}.Debug|Win32.ActiveCfg = Debug|Win32
		{B3A0891D-B432-4ADA-A460-E92EC9595D45}.Debug|Win32.Build.0 = Debug|Win32
		{B3A0891D-B432-4ADA-A460-E92EC9595D45}.Release|Win32.ActiveCfg = Release|Win32
		{B3A0891D-B432-4ADA-A460-E92EC9595D45}.Release|Win32.Build.0 = Release|Win32
		{B8E81352-A27B-4FB8-BCB5-433FBA7E00B3}.Debug|Win32.ActiveCfg = Debug|Win32
		{B8E81352-A27B-4FB8-BCB5-433FBA7E00B3}.Debug|Win32.Build.0 = Debug|Win32
		{B8E81352-A27B-4FB8-BCB5-433FBA7E00B3}.Release|Win32.ActiveCfg = Release|Win32
		{B8E81352-A27B-4FB8-BCB5-433FBA7E00B3}.Release|Win32.Build.0 = Release|Win32
		{66CA1D38-F867-4DC8-BD62-5442121CC7DE}.Debug|Win32.ActiveCfg = Debug|Win32
		{66CA1D38-F867-4DC8-BD62-5442121CC7DE}.Debug|Win32.Build.0 = Debug|Win32
		{66CA1D38-F867-4DC8-BD62-5442121CC7DE}.Release|Win32.ActiveCfg = Release|Win32
		{66CA1D38-F867-4DC8-BD62-5442121CC7DE}.Release|Win32.Build.0 = Release|Win32
		{E78F9445-87BB-4EED-8886-3FD642647F49}.Debug|Win32.ActiveCfg = Debug|Win32
		{E78F9445-87BB-4EED-8886-3FD642647F49}.Debug|Win32.Build.0 = Debug|Win32
		{E78F9445-87BB-4EED-8886-3FD642647F49}.Release|Win32.ActiveCfg = Release|Win32
		{E78F9445-87BB-4EED-8886-3FD642647F49}.Release|Win32.Build.0 = Release|Win32
		{1574112D-FEC0-43CF-A388-6347B8F2C228}.Debug|Win32.ActiveCfg = Debug|Win32
		{1574112D-FEC0-43CF-A388-6347B8F2C228}.Debug|Win32.Build.0 = Debug|Win32
		{1574112D-FEC0-43CF-A388-6347B8F2C228}.Release|Win32.ActiveCfg = Release|Win32
		{1574112D-FEC0-43CF-A388-6347B8F2C228}.Release|Win32.Build.0 = Release|Win32
		{6780FBDD-1BCE-4BF1-B216-67B80B606E28}.Debug|Win32.ActiveCfg = Debug|Win32
		{6780FBDD-1BCE-4BF1-B216-67B80B606E28}.Debug|Win32.Build.0 = Debug|Win32
		{6780FBDD-1BCE-4BF1-B216-67B80B606E28}.Release|Win32.ActiveCfg = Release|Win32
		{6780FBDD-1BCE-4BF1-B216-67B80B606E28}.Release|Win32.Build.0 = Release|Win32
		{70CE84A4-0A14-4565-9773-849906D12FF9}.Debug|Win32.ActiveCfg = Debug|Win32
		{70CE84A4-0A14-4565-9773-849906D12FF9}.Debug|Win32.Build.0 = Debug|Win32
		{70CE84A4-0A14-4565-9773-849906D12FF9}.Release|Win32.ActiveCfg = Release|Win32
		{70CE84A4-0A14-4565-9773-849906D12FF9}.Release|Win32.Build.0 = Release|Win32
		{E61B2082-2144-4C6F-9434-D74A8E53B5F7}.Debug|Win32.ActiveCfg = Debug|Win32
		{E61B2082-2144-4C6F-9434-D74A8E53B5F7}.Debug|Win32.Build.0 = Debug|Win32
		{E61B2082-2144-4C6F-9434-D74A8E53B5F7}.Release|Win32.ActiveCfg = Release|Win32
		{E61B2082-2144-4C6F-9434-D74A8E53B5F7}.Release|Win32.Build.0 = Release|Win32
		{99554A14-9B9E-44EC-9B53-DC885B8F303D}.Debug|Win32.ActiveCfg = Debug|Win32
		{99554A14-9B9E-44EC-9B53-DC885B8F303D}.Debug|Win32.Build.0 = Debug|Win32
		{99554A14-9B9E-44EC-9B53-DC885B8F303D}.Release|Win32.ActiveCfg = Release|Win32
		{99554A14-9B9E-44EC-9B53-DC885B8F303D}.Release|Win32.Build.0 = Release|Win32
		{8BF51C22-1437-4BD5-BF39-AFC5EB86F5F3}.Debug|Win32.ActiveCfg = Debug|Win32
		{8BF51C22-1437-4BD5-BF39-AFC5EB86F5F3}.Debug|Win32.Build.0 = Debug|Win32
		{8BF51C22-1437-4BD5-BF39-AFC5EB86F5F3}.Release|Win32.ActiveCfg = Release|Win32
		{8BF51C22-1437-4BD5-BF39-AFC5EB86F5F3}.Release|Win32.Build.0 = Release|Win32
		{F561FEF8-7A88-4D85-84E4-DC4D93E80082}.Debug|Win32.ActiveCfg = Debug|Win32
		{F561FEF8-7A88-4D85-84E4-DC4D93E80082}.Debug|Win32.Build.0 = Debug|Win32
		{F561FEF8-7A88-4D85-84E4-DC4D93E80082}.Release|Win32.ActiveCfg = Release|Win32
		{F561FEF8-7A88-4D85-84E4-DC4D93E80082}.Release|Win32.Build.0 = Release|Win32
		{C72A1E27-61B6-4C3D-A815-686A57480D65}.Debug|Win32.ActiveCfg = Debug|Win32
		{C72A1E27-61B6-4C3D-A815-686A57480D65}.Debug|Win32.Build.0 = Debug|Win32
		{C72A1E27-61B6-4C3D-A815-686A57480D65}.Release|Win32.ActiveCfg = Release|Win32
		{C72A1E27-61B6-4C3D-A815-686A57480D65}.Release|Win32.Build.0 = Release|Win32
		{CC3BD53F-4EE7-464E-B534-6048E97A85AB}.Debug|Win32.ActiveCfg = Debug|Win32
		{CC3BD53F-4EE7-464E-B534-6048E97A85AB}.Debug|Win32.Build.0 = Debug|Win32
		{CC3BD53F-4EE7-464E-B534-6048E97A85AB}.Release|Win32.ActiveCfg = Release|Win32
		{CC3BD53F-4EE7-464E-B534-6048E97A85AB}.Release|Win32.Build.0 = Release|Win32
		{F070B7B8-F435-4396-9EC7-9253E59BC838}.Debug|Win32.ActiveCfg = Debug|Win32
		{F070B7B8-F435-4396-9EC7-9253E59BC838}.Debug|Win32.Build.0 = Debug|Win32
		{F070B7B8-F435-4396-9EC7-9253E59BC838}.Release|Win32.ActiveCfg = Release|Win32
		{F070B7B8-F435-4396-9EC7-9253E59BC838}.Release|Win32.Build.0 = Release|Win32
		{B84B7F30-DAB9-45BA-9976-3B29D04E4AF9}.Debug|Win32.ActiveCfg = Debug|Win32
		{B84B7F30-DAB9-45BA-9976-3B29D04E4AF9}.Debug|Win32.Build.0 = Debug|Win32
		{B84B7F30-DAB9-45BA-9976-3B29D04E4AF9}.Release|Win32.ActiveCfg = Release|Win32
		{B84B7F30-DAB9-45BA-9976-3B29D04E4AF9}.Release|Win32.Build.0 = Release|Win32
		{C1618D66-C480-4E16-93A5-BA095947AC9E}.Debug|Win32.ActiveCfg = Debug|Win32
		{C1618D66-C480-4E16-93A5-BA095947AC9E}.Debug|Win32.Build.0 = Debug|Win32
		{C1618D66-C480-4E16-93A5-BA095947AC9E}.Release|Win32.ActiveCfg = Release|Win32
		{C1618D66-C480-4E16-93A5-BA095947AC9E}.Release|Win32.Build.0 = Release|Win32
		{5699F754-844D-45B2-8F01-4D2F1DA043A4}.Debug|Win32.ActiveCfg = Debug|Win32
		{5699F754-844D-45B2-8F01-4D2F1DA043A4}.Debug|Win32.Build.0 = Debug|Win32
		{5699F754-844D-45B2-8F01-4D2F1DA043A4}.Release|Win32.ActiveCfg = Release|Win32
		{5699F754-844D-45B2-8F01-4D2F1DA043A4}.Release|Win32.Build.0 = Release|Win32
		{8A876ED4-51D7-4B85-9F73-B4837CB46C9F}.Debug|Win32.ActiveCfg = Debug|Win32
		{8A876ED4-51D7-4B85-9F73-B4837CB46C9F}.Debug|Win32.Build.0 = Debug|Win32
		{8A876ED4-51D7-4B85-9F73-B4837CB46C9F}.Release|Win32.ActiveCfg = Release|Win32
		{8A876ED4-51D7-4B85-9F73-B4837CB46C9F}.Release|Win32.Build.0 = Release|Win32
	EndGlobalSection
	GlobalSection(SolutionProperties) = preSolution
		HideSolutionNode = FALSE
	EndGlobalSection
	GlobalSection(ExtensibilityGlobals) = postSolution
		SolutionGuid = {F0E3A208-C9CA-417C-8647-73A2A642B534}
	EndGlobalSection
EndGlobal
