
Microsoft Visual Studio Solution File, Format Version 10.00
# Visual Studio 2008
Project("{8BC9CEB8-8B4A-11D0-8D11-00A0C91BC942}") = "lab2_1", "lab2_1\lab2_1.vcproj", "{C5B80375-E6D1-48EE-AFCB-4DD3B83334F5}"
EndProject
Project("{8BC9CEB8-8B4A-11D0-8D11-00A0C91BC942}") = "lab2_2", "lab2_2\lab2_2.vcproj", "{08F7956C-3644-44DB-8D56-14C6146FB5B4}"
EndProject
Project("{8BC9CEB8-8B4A-11D0-8D11-00A0C91BC942}") = "lab2_3", "lab2_3\lab2_3.vcproj", "{BDF36E28-41C9-44E7-B8AD-AB440B304A58}"
EndProject
Project("{8BC9CEB8-8B4A-11D0-8D11-00A0C91BC942}") = "ex2-3", "ex2-3\ex2-3.vcproj", "{E14F14B0-0B4E-4B25-9DDD-9E66BD16BE2F}"
EndProject
Project("{8BC9CEB8-8B4A-11D0-8D11-00A0C91BC942}") = "ex2-15", "ex2-15\ex2-15.vcproj", "{7788AA4C-8C04-46D8-B1A2-137769EAA072}"
EndProject
Project("{8BC9CEB8-8B4A-11D0-8D11-00A0C91BC942}") = "ex2-16", "ex2-16\ex2-16.vcproj", "{8EA66F08-59E1-44E1-A4C9-F841C54AA0D9}"
EndProject
Project("{8BC9CEB8-8B4A-11D0-8D11-00A0C91BC942}") = "ex2-17", "ex2-17\ex2-17.vcproj", "{9A7722E7-69F8-4F82-82A0-3527E6AD0DE3}"
EndProject
Project("{8BC9CEB8-8B4A-11D0-8D11-00A0C91BC942}") = "ex2-18", "ex2-18\ex2-18.vcproj", "{7EFB67A4-99A8-4D3F-BC38-EA815F7C365F}"
EndProject
Project("{8BC9CEB8-8B4A-11D0-8D11-00A0C91BC942}") = "ex2-19", "ex2-19\ex2-19.vcproj", "{674DE3A8-4E83-46CF-B692-DC0D5AA1F8F7}"
EndProject
Project("{8BC9CEB8-8B4A-11D0-8D11-00A0C91BC942}") = "ex2-20", "ex2-20\ex2-20.vcproj", "{59AD597E-8D4E-4A6C-8132-F3F6D51FEB33}"
EndProject
Project("{8BC9CEB8-8B4A-11D0-8D11-00A0C91BC942}") = "ex2-26", "ex2-26\ex2-26.vcproj", "{BCBB4A08-8C84-4055-ACDA-077D93F5F9CD}"
EndProject
Project("{8BC9CEB8-8B4A-11D0-8D11-00A0C91BC942}") = "ex2-27", "ex2-27\ex2-27.vcproj", "{555B1D0E-BBE5-4AC7-AAA8-E95A1AC8CBF3}"
EndProject
Project("{8BC9CEB8-8B4A-11D0-8D11-00A0C91BC942}") = "ex2-28_1", "ex2-28_1\ex2-28_1.vcproj", "{9A537320-E4EB-45DD-A68E-945D45CC1FEE}"
EndProject
Project("{8BC9CEB8-8B4A-11D0-8D11-00A0C91BC942}") = "ex2-28_2", "ex2-28_2\ex2-28_2.vcproj", "{476B6FC0-F280-4D8D-89DD-6EF3D82F35B5}"
EndProject
Project("{8BC9CEB8-8B4A-11D0-8D11-00A0C91BC942}") = "ex2-29_1", "ex2-29_1\ex2-29_1.vcproj", "{D5AE83AC-E677-46F1-83DB-270E04668EC1}"
EndProject
Project("{8BC9CEB8-8B4A-11D0-8D11-00A0C91BC942}") = "ex2-29_2", "ex2-29_2\ex2-29_2.vcproj", "{1E27E07D-CD80-49E5-B7C5-94A54A5630F2}"
EndProject
Project("{8BC9CEB8-8B4A-11D0-8D11-00A0C91BC942}") = "ex2-29_3", "ex2-29_3\ex2-29_3.vcproj", "{1233159F-6207-4451-8B92-657F06F45A1D}"
EndProject
Project("{8BC9CEB8-8B4A-11D0-8D11-00A0C91BC942}") = "ex2-32_1", "ex2-32_1\ex2-32_1.vcproj", "{2394A6FA-A629-400E-BDE1-36AB9438743A}"
EndProject
Project("{8BC9CEB8-8B4A-11D0-8D11-00A0C91BC942}") = "ex2-32_2", "ex2-32_2\ex2-32_2.vcproj", "{87BCE3DA-F0CE-4228-82D7-FAEAFB1C6B65}"
EndProject
Project("{8BC9CEB8-8B4A-11D0-8D11-00A0C91BC942}") = "ex2-33", "ex2-33\ex2-33.vcproj", "{1DE18A5F-FC48-457F-B042-6AC1FF00F6A1}"
EndProject
Project("{8BC9CEB8-8B4A-11D0-8D11-00A0C91BC942}") = "ex2-34", "ex2-34\ex2-34.vcproj", "{6B32E04C-3B2E-4EB3-8890-FCFB680F47EB}"
EndProject
Project("{8BC9CEB8-8B4A-11D0-8D11-00A0C91BC942}") = "ex2-35", "ex2-35\ex2-35.vcproj", "{208EB3A6-2C70-4295-92A1-6C97D5C5AF96}"
EndProject
Global
	GlobalSection(SolutionConfigurationPlatforms) = preSolution
		Debug|Win32 = Debug|Win32
		Release|Win32 = Release|Win32
	EndGlobalSection
	GlobalSection(ProjectConfigurationPlatforms) = postSolution
		{C5B80375-E6D1-48EE-AFCB-4DD3B83334F5}.Debug|Win32.ActiveCfg = Debug|Win32
		{C5B80375-E6D1-48EE-AFCB-4DD3B83334F5}.Debug|Win32.Build.0 = Debug|Win32
		{C5B80375-E6D1-48EE-AFCB-4DD3B83334F5}.Release|Win32.ActiveCfg = Release|Win32
		{C5B80375-E6D1-48EE-AFCB-4DD3B83334F5}.Release|Win32.Build.0 = Release|Win32
		{08F7956C-3644-44DB-8D56-14C6146FB5B4}.Debug|Win32.ActiveCfg = Debug|Win32
		{08F7956C-3644-44DB-8D56-14C6146FB5B4}.Debug|Win32.Build.0 = Debug|Win32
		{08F7956C-3644-44DB-8D56-14C6146FB5B4}.Release|Win32.ActiveCfg = Release|Win32
		{08F7956C-3644-44DB-8D56-14C6146FB5B4}.Release|Win32.Build.0 = Release|Win32
		{BDF36E28-41C9-44E7-B8AD-AB440B304A58}.Debug|Win32.ActiveCfg = Debug|Win32
		{BDF36E28-41C9-44E7-B8AD-AB440B304A58}.Debug|Win32.Build.0 = Debug|Win32
		{BDF36E28-41C9-44E7-B8AD-AB440B304A58}.Release|Win32.ActiveCfg = Release|Win32
		{BDF36E28-41C9-44E7-B8AD-AB440B304A58}.Release|Win32.Build.0 = Release|Win32
		{E14F14B0-0B4E-4B25-9DDD-9E66BD16BE2F}.Debug|Win32.ActiveCfg = Debug|Win32
		{E14F14B0-0B4E-4B25-9DDD-9E66BD16BE2F}.Debug|Win32.Build.0 = Debug|Win32
		{E14F14B0-0B4E-4B25-9DDD-9E66BD16BE2F}.Release|Win32.ActiveCfg = Release|Win32
		{E14F14B0-0B4E-4B25-9DDD-9E66BD16BE2F}.Release|Win32.Build.0 = Release|Win32
		{7788AA4C-8C04-46D8-B1A2-137769EAA072}.Debug|Win32.ActiveCfg = Debug|Win32
		{7788AA4C-8C04-46D8-B1A2-137769EAA072}.Debug|Win32.Build.0 = Debug|Win32
		{7788AA4C-8C04-46D8-B1A2-137769EAA072}.Release|Win32.ActiveCfg = Release|Win32
		{7788AA4C-8C04-46D8-B1A2-137769EAA072}.Release|Win32.Build.0 = Release|Win32
		{8EA66F08-59E1-44E1-A4C9-F841C54AA0D9}.Debug|Win32.ActiveCfg = Debug|Win32
		{8EA66F08-59E1-44E1-A4C9-F841C54AA0D9}.Debug|Win32.Build.0 = Debug|Win32
		{8EA66F08-59E1-44E1-A4C9-F841C54AA0D9}.Release|Win32.ActiveCfg = Release|Win32
		{8EA66F08-59E1-44E1-A4C9-F841C54AA0D9}.Release|Win32.Build.0 = Release|Win32
		{9A7722E7-69F8-4F82-82A0-3527E6AD0DE3}.Debug|Win32.ActiveCfg = Debug|Win32
		{9A7722E7-69F8-4F82-82A0-3527E6AD0DE3}.Debug|Win32.Build.0 = Debug|Win32
		{9A7722E7-69F8-4F82-82A0-3527E6AD0DE3}.Release|Win32.ActiveCfg = Release|Win32
		{9A7722E7-69F8-4F82-82A0-3527E6AD0DE3}.Release|Win32.Build.0 = Release|Win32
		{7EFB67A4-99A8-4D3F-BC38-EA815F7C365F}.Debug|Win32.ActiveCfg = Debug|Win32
		{7EFB67A4-99A8-4D3F-BC38-EA815F7C365F}.Debug|Win32.Build.0 = Debug|Win32
		{7EFB67A4-99A8-4D3F-BC38-EA815F7C365F}.Release|Win32.ActiveCfg = Release|Win32
		{7EFB67A4-99A8-4D3F-BC38-EA815F7C365F}.Release|Win32.Build.0 = Release|Win32
		{674DE3A8-4E83-46CF-B692-DC0D5AA1F8F7}.Debug|Win32.ActiveCfg = Debug|Win32
		{674DE3A8-4E83-46CF-B692-DC0D5AA1F8F7}.Debug|Win32.Build.0 = Debug|Win32
		{674DE3A8-4E83-46CF-B692-DC0D5AA1F8F7}.Release|Win32.ActiveCfg = Release|Win32
		{674DE3A8-4E83-46CF-B692-DC0D5AA1F8F7}.Release|Win32.Build.0 = Release|Win32
		{59AD597E-8D4E-4A6C-8132-F3F6D51FEB33}.Debug|Win32.ActiveCfg = Debug|Win32
		{59AD597E-8D4E-4A6C-8132-F3F6D51FEB33}.Debug|Win32.Build.0 = Debug|Win32
		{59AD597E-8D4E-4A6C-8132-F3F6D51FEB33}.Release|Win32.ActiveCfg = Release|Win32
		{59AD597E-8D4E-4A6C-8132-F3F6D51FEB33}.Release|Win32.Build.0 = Release|Win32
		{BCBB4A08-8C84-4055-ACDA-077D93F5F9CD}.Debug|Win32.ActiveCfg = Debug|Win32
		{BCBB4A08-8C84-4055-ACDA-077D93F5F9CD}.Debug|Win32.Build.0 = Debug|Win32
		{BCBB4A08-8C84-4055-ACDA-077D93F5F9CD}.Release|Win32.ActiveCfg = Release|Win32
		{BCBB4A08-8C84-4055-ACDA-077D93F5F9CD}.Release|Win32.Build.0 = Release|Win32
		{555B1D0E-BBE5-4AC7-AAA8-E95A1AC8CBF3}.Debug|Win32.ActiveCfg = Debug|Win32
		{555B1D0E-BBE5-4AC7-AAA8-E95A1AC8CBF3}.Debug|Win32.Build.0 = Debug|Win32
		{555B1D0E-BBE5-4AC7-AAA8-E95A1AC8CBF3}.Release|Win32.ActiveCfg = Release|Win32
		{555B1D0E-BBE5-4AC7-AAA8-E95A1AC8CBF3}.Release|Win32.Build.0 = Release|Win32
		{9A537320-E4EB-45DD-A68E-945D45CC1FEE}.Debug|Win32.ActiveCfg = Debug|Win32
		{9A537320-E4EB-45DD-A68E-945D45CC1FEE}.Debug|Win32.Build.0 = Debug|Win32
		{9A537320-E4EB-45DD-A68E-945D45CC1FEE}.Release|Win32.ActiveCfg = Release|Win32
		{9A537320-E4EB-45DD-A68E-945D45CC1FEE}.Release|Win32.Build.0 = Release|Win32
		{476B6FC0-F280-4D8D-89DD-6EF3D82F35B5}.Debug|Win32.ActiveCfg = Debug|Win32
		{476B6FC0-F280-4D8D-89DD-6EF3D82F35B5}.Debug|Win32.Build.0 = Debug|Win32
		{476B6FC0-F280-4D8D-89DD-6EF3D82F35B5}.Release|Win32.ActiveCfg = Release|Win32
		{476B6FC0-F280-4D8D-89DD-6EF3D82F35B5}.Release|Win32.Build.0 = Release|Win32
		{D5AE83AC-E677-46F1-83DB-270E04668EC1}.Debug|Win32.ActiveCfg = Debug|Win32
		{D5AE83AC-E677-46F1-83DB-270E04668EC1}.Debug|Win32.Build.0 = Debug|Win32
		{D5AE83AC-E677-46F1-83DB-270E04668EC1}.Release|Win32.ActiveCfg = Release|Win32
		{D5AE83AC-E677-46F1-83DB-270E04668EC1}.Release|Win32.Build.0 = Release|Win32
		{1E27E07D-CD80-49E5-B7C5-94A54A5630F2}.Debug|Win32.ActiveCfg = Debug|Win32
		{1E27E07D-CD80-49E5-B7C5-94A54A5630F2}.Debug|Win32.Build.0 = Debug|Win32
		{1E27E07D-CD80-49E5-B7C5-94A54A5630F2}.Release|Win32.ActiveCfg = Release|Win32
		{1E27E07D-CD80-49E5-B7C5-94A54A5630F2}.Release|Win32.Build.0 = Release|Win32
		{1233159F-6207-4451-8B92-657F06F45A1D}.Debug|Win32.ActiveCfg = Debug|Win32
		{1233159F-6207-4451-8B92-657F06F45A1D}.Debug|Win32.Build.0 = Debug|Win32
		{1233159F-6207-4451-8B92-657F06F45A1D}.Release|Win32.ActiveCfg = Release|Win32
		{1233159F-6207-4451-8B92-657F06F45A1D}.Release|Win32.Build.0 = Release|Win32
		{2394A6FA-A629-400E-BDE1-36AB9438743A}.Debug|Win32.ActiveCfg = Debug|Win32
		{2394A6FA-A629-400E-BDE1-36AB9438743A}.Debug|Win32.Build.0 = Debug|Win32
		{2394A6FA-A629-400E-BDE1-36AB9438743A}.Release|Win32.ActiveCfg = Release|Win32
		{2394A6FA-A629-400E-BDE1-36AB9438743A}.Release|Win32.Build.0 = Release|Win32
		{87BCE3DA-F0CE-4228-82D7-FAEAFB1C6B65}.Debug|Win32.ActiveCfg = Debug|Win32
		{87BCE3DA-F0CE-4228-82D7-FAEAFB1C6B65}.Debug|Win32.Build.0 = Debug|Win32
		{87BCE3DA-F0CE-4228-82D7-FAEAFB1C6B65}.Release|Win32.ActiveCfg = Release|Win32
		{87BCE3DA-F0CE-4228-82D7-FAEAFB1C6B65}.Release|Win32.Build.0 = Release|Win32
		{1DE18A5F-FC48-457F-B042-6AC1FF00F6A1}.Debug|Win32.ActiveCfg = Debug|Win32
		{1DE18A5F-FC48-457F-B042-6AC1FF00F6A1}.Debug|Win32.Build.0 = Debug|Win32
		{1DE18A5F-FC48-457F-B042-6AC1FF00F6A1}.Release|Win32.ActiveCfg = Release|Win32
		{1DE18A5F-FC48-457F-B042-6AC1FF00F6A1}.Release|Win32.Build.0 = Release|Win32
		{6B32E04C-3B2E-4EB3-8890-FCFB680F47EB}.Debug|Win32.ActiveCfg = Debug|Win32
		{6B32E04C-3B2E-4EB3-8890-FCFB680F47EB}.Debug|Win32.Build.0 = Debug|Win32
		{6B32E04C-3B2E-4EB3-8890-FCFB680F47EB}.Release|Win32.ActiveCfg = Release|Win32
		{6B32E04C-3B2E-4EB3-8890-FCFB680F47EB}.Release|Win32.Build.0 = Release|Win32
		{208EB3A6-2C70-4295-92A1-6C97D5C5AF96}.Debug|Win32.ActiveCfg = Debug|Win32
		{208EB3A6-2C70-4295-92A1-6C97D5C5AF96}.Debug|Win32.Build.0 = Debug|Win32
		{208EB3A6-2C70-4295-92A1-6C97D5C5AF96}.Release|Win32.ActiveCfg = Release|Win32
		{208EB3A6-2C70-4295-92A1-6C97D5C5AF96}.Release|Win32.Build.0 = Release|Win32
	EndGlobalSection
	GlobalSection(SolutionProperties) = preSolution
		HideSolutionNode = FALSE
	EndGlobalSection
EndGlobal
