
Microsoft Visual Studio Solution File, Format Version 10.00
# Visual Studio 2008
Project("{8BC9CEB8-8B4A-11D0-8D11-00A0C91BC942}") = "ex10-3", "ex10-3\ex10-3.vcproj", "{08EC04FF-6A56-4F3D-B9C8-96564CFBC1AE}"
EndProject
Project("{8BC9CEB8-8B4A-11D0-8D11-00A0C91BC942}") = "ex10-5", "ex10-5\ex10-5.vcproj", "{8C5E41FD-AB8F-47A0-B8D0-784728F566C0}"
EndProject
Project("{8BC9CEB8-8B4A-11D0-8D11-00A0C91BC942}") = "ex10-6", "ex10-6\ex10-6.vcproj", "{37A73F34-B420-458E-8229-E930A84E5CE0}"
EndProject
Project("{8BC9CEB8-8B4A-11D0-8D11-00A0C91BC942}") = "ex10-7", "ex10-7\ex10-7.vcproj", "{47FFD8B4-6FD8-4C81-8073-A0E754F1576F}"
EndProject
Project("{8BC9CEB8-8B4A-11D0-8D11-00A0C91BC942}") = "ex10-8_1", "ex10-8_1\ex10-8_1.vcproj", "{91C609F6-147B-432A-A338-8EDC8595CF45}"
EndProject
Project("{8BC9CEB8-8B4A-11D0-8D11-00A0C91BC942}") = "ex10-8_2", "ex10-8_2\ex10-8_2.vcproj", "{D23B60FF-6B6E-41E9-A39C-8E4D962515F3}"
EndProject
Project("{8BC9CEB8-8B4A-11D0-8D11-00A0C91BC942}") = "ex10-9", "ex10-9\ex10-9.vcproj", "{1A223AC4-E031-40AD-B836-A54FE36D24A1}"
EndProject
Project("{8BC9CEB8-8B4A-11D0-8D11-00A0C91BC942}") = "ex10-10", "ex10-10\ex10-10.vcproj", "{0B753EF6-DDBA-4A78-88E4-18D5D5D76899}"
EndProject
Project("{8BC9CEB8-8B4A-11D0-8D11-00A0C91BC942}") = "ex10-11_1", "ex10-11_1\ex10-11_1.vcproj", "{48A5A191-51B6-459E-B8DE-1193872071E8}"
EndProject
Project("{8BC9CEB8-8B4A-11D0-8D11-00A0C91BC942}") = "ex10-11_2", "ex10-11_2\ex10-11_2.vcproj", "{F70AE848-AF12-41FF-BC85-06D0FC2BADAF}"
EndProject
Project("{8BC9CEB8-8B4A-11D0-8D11-00A0C91BC942}") = "ex10-12", "ex10-12\ex10-12.vcproj", "{5FECE1CA-29A0-4410-8CB9-BBF6B2FA4786}"
EndProject
Project("{8BC9CEB8-8B4A-11D0-8D11-00A0C91BC942}") = "ex10-13", "ex10-13\ex10-13.vcproj", "{997BCB82-C47F-4DC8-9F09-3C0E6290D338}"
EndProject
Project("{8BC9CEB8-8B4A-11D0-8D11-00A0C91BC942}") = "ex10-15", "ex10-15\ex10-15.vcproj", "{5F293046-3CC7-4404-83FA-A80869AFE824}"
EndProject
Project("{8BC9CEB8-8B4A-11D0-8D11-00A0C91BC942}") = "ex10-16", "ex10-16\ex10-16.vcproj", "{90AAE367-70F8-41BE-B831-10204484589A}"
EndProject
Project("{8BC9CEB8-8B4A-11D0-8D11-00A0C91BC942}") = "ex10-17_1", "ex10-17_1\ex10-17_1.vcproj", "{CD3D56E5-F0D1-4015-9BAA-530C6B76C77C}"
EndProject
Project("{8BC9CEB8-8B4A-11D0-8D11-00A0C91BC942}") = "ex10-17_2", "ex10-17_2\ex10-17_2.vcproj", "{1358D2B1-27C9-4525-86DA-2C12AB426F3B}"
EndProject
Project("{8BC9CEB8-8B4A-11D0-8D11-00A0C91BC942}") = "ex10-17_3", "ex10-17_3\ex10-17_3.vcproj", "{2AD2E640-9AEF-42AC-95A7-C7899C0CE1EE}"
EndProject
Project("{8BC9CEB8-8B4A-11D0-8D11-00A0C91BC942}") = "ex10-17_4", "ex10-17_4\ex10-17_4.vcproj", "{2E91440F-16E7-4E12-9733-0C577B01CD19}"
EndProject
Project("{8BC9CEB8-8B4A-11D0-8D11-00A0C91BC942}") = "lab10_1", "lab10_1\lab10_1.vcproj", "{78F064E3-5301-4C97-8BAC-E8E7AF8F3B13}"
EndProject
Project("{8BC9CEB8-8B4A-11D0-8D11-00A0C91BC942}") = "lab10_2", "lab10_2\lab10_2.vcproj", "{CDD3659C-CF04-43C1-BA70-60AE6DE09FD0}"
EndProject
Global
	GlobalSection(SolutionConfigurationPlatforms) = preSolution
		Debug|Win32 = Debug|Win32
		Release|Win32 = Release|Win32
	EndGlobalSection
	GlobalSection(ProjectConfigurationPlatforms) = postSolution
		{08EC04FF-6A56-4F3D-B9C8-96564CFBC1AE}.Debug|Win32.ActiveCfg = Debug|Win32
		{08EC04FF-6A56-4F3D-B9C8-96564CFBC1AE}.Debug|Win32.Build.0 = Debug|Win32
		{08EC04FF-6A56-4F3D-B9C8-96564CFBC1AE}.Release|Win32.ActiveCfg = Release|Win32
		{08EC04FF-6A56-4F3D-B9C8-96564CFBC1AE}.Release|Win32.Build.0 = Release|Win32
		{8C5E41FD-AB8F-47A0-B8D0-784728F566C0}.Debug|Win32.ActiveCfg = Debug|Win32
		{8C5E41FD-AB8F-47A0-B8D0-784728F566C0}.Debug|Win32.Build.0 = Debug|Win32
		{8C5E41FD-AB8F-47A0-B8D0-784728F566C0}.Release|Win32.ActiveCfg = Release|Win32
		{8C5E41FD-AB8F-47A0-B8D0-784728F566C0}.Release|Win32.Build.0 = Release|Win32
		{37A73F34-B420-458E-8229-E930A84E5CE0}.Debug|Win32.ActiveCfg = Debug|Win32
		{37A73F34-B420-458E-8229-E930A84E5CE0}.Debug|Win32.Build.0 = Debug|Win32
		{37A73F34-B420-458E-8229-E930A84E5CE0}.Release|Win32.ActiveCfg = Release|Win32
		{37A73F34-B420-458E-8229-E930A84E5CE0}.Release|Win32.Build.0 = Release|Win32
		{47FFD8B4-6FD8-4C81-8073-A0E754F1576F}.Debug|Win32.ActiveCfg = Debug|Win32
		{47FFD8B4-6FD8-4C81-8073-A0E754F1576F}.Debug|Win32.Build.0 = Debug|Win32
		{47FFD8B4-6FD8-4C81-8073-A0E754F1576F}.Release|Win32.ActiveCfg = Release|Win32
		{47FFD8B4-6FD8-4C81-8073-A0E754F1576F}.Release|Win32.Build.0 = Release|Win32
		{91C609F6-147B-432A-A338-8EDC8595CF45}.Debug|Win32.ActiveCfg = Debug|Win32
		{91C609F6-147B-432A-A338-8EDC8595CF45}.Debug|Win32.Build.0 = Debug|Win32
		{91C609F6-147B-432A-A338-8EDC8595CF45}.Release|Win32.ActiveCfg = Release|Win32
		{91C609F6-147B-432A-A338-8EDC8595CF45}.Release|Win32.Build.0 = Release|Win32
		{D23B60FF-6B6E-41E9-A39C-8E4D962515F3}.Debug|Win32.ActiveCfg = Debug|Win32
		{D23B60FF-6B6E-41E9-A39C-8E4D962515F3}.Debug|Win32.Build.0 = Debug|Win32
		{D23B60FF-6B6E-41E9-A39C-8E4D962515F3}.Release|Win32.ActiveCfg = Release|Win32
		{D23B60FF-6B6E-41E9-A39C-8E4D962515F3}.Release|Win32.Build.0 = Release|Win32
		{1A223AC4-E031-40AD-B836-A54FE36D24A1}.Debug|Win32.ActiveCfg = Debug|Win32
		{1A223AC4-E031-40AD-B836-A54FE36D24A1}.Debug|Win32.Build.0 = Debug|Win32
		{1A223AC4-E031-40AD-B836-A54FE36D24A1}.Release|Win32.ActiveCfg = Release|Win32
		{1A223AC4-E031-40AD-B836-A54FE36D24A1}.Release|Win32.Build.0 = Release|Win32
		{0B753EF6-DDBA-4A78-88E4-18D5D5D76899}.Debug|Win32.ActiveCfg = Debug|Win32
		{0B753EF6-DDBA-4A78-88E4-18D5D5D76899}.Debug|Win32.Build.0 = Debug|Win32
		{0B753EF6-DDBA-4A78-88E4-18D5D5D76899}.Release|Win32.ActiveCfg = Release|Win32
		{0B753EF6-DDBA-4A78-88E4-18D5D5D76899}.Release|Win32.Build.0 = Release|Win32
		{48A5A191-51B6-459E-B8DE-1193872071E8}.Debug|Win32.ActiveCfg = Debug|Win32
		{48A5A191-51B6-459E-B8DE-1193872071E8}.Debug|Win32.Build.0 = Debug|Win32
		{48A5A191-51B6-459E-B8DE-1193872071E8}.Release|Win32.ActiveCfg = Release|Win32
		{48A5A191-51B6-459E-B8DE-1193872071E8}.Release|Win32.Build.0 = Release|Win32
		{F70AE848-AF12-41FF-BC85-06D0FC2BADAF}.Debug|Win32.ActiveCfg = Debug|Win32
		{F70AE848-AF12-41FF-BC85-06D0FC2BADAF}.Debug|Win32.Build.0 = Debug|Win32
		{F70AE848-AF12-41FF-BC85-06D0FC2BADAF}.Release|Win32.ActiveCfg = Release|Win32
		{F70AE848-AF12-41FF-BC85-06D0FC2BADAF}.Release|Win32.Build.0 = Release|Win32
		{5FECE1CA-29A0-4410-8CB9-BBF6B2FA4786}.Debug|Win32.ActiveCfg = Debug|Win32
		{5FECE1CA-29A0-4410-8CB9-BBF6B2FA4786}.Debug|Win32.Build.0 = Debug|Win32
		{5FECE1CA-29A0-4410-8CB9-BBF6B2FA4786}.Release|Win32.ActiveCfg = Release|Win32
		{5FECE1CA-29A0-4410-8CB9-BBF6B2FA4786}.Release|Win32.Build.0 = Release|Win32
		{997BCB82-C47F-4DC8-9F09-3C0E6290D338}.Debug|Win32.ActiveCfg = Debug|Win32
		{997BCB82-C47F-4DC8-9F09-3C0E6290D338}.Debug|Win32.Build.0 = Debug|Win32
		{997BCB82-C47F-4DC8-9F09-3C0E6290D338}.Release|Win32.ActiveCfg = Release|Win32
		{997BCB82-C47F-4DC8-9F09-3C0E6290D338}.Release|Win32.Build.0 = Release|Win32
		{5F293046-3CC7-4404-83FA-A80869AFE824}.Debug|Win32.ActiveCfg = Debug|Win32
		{5F293046-3CC7-4404-83FA-A80869AFE824}.Debug|Win32.Build.0 = Debug|Win32
		{5F293046-3CC7-4404-83FA-A80869AFE824}.Release|Win32.ActiveCfg = Release|Win32
		{5F293046-3CC7-4404-83FA-A80869AFE824}.Release|Win32.Build.0 = Release|Win32
		{90AAE367-70F8-41BE-B831-10204484589A}.Debug|Win32.ActiveCfg = Debug|Win32
		{90AAE367-70F8-41BE-B831-10204484589A}.Debug|Win32.Build.0 = Debug|Win32
		{90AAE367-70F8-41BE-B831-10204484589A}.Release|Win32.ActiveCfg = Release|Win32
		{90AAE367-70F8-41BE-B831-10204484589A}.Release|Win32.Build.0 = Release|Win32
		{CD3D56E5-F0D1-4015-9BAA-530C6B76C77C}.Debug|Win32.ActiveCfg = Debug|Win32
		{CD3D56E5-F0D1-4015-9BAA-530C6B76C77C}.Debug|Win32.Build.0 = Debug|Win32
		{CD3D56E5-F0D1-4015-9BAA-530C6B76C77C}.Release|Win32.ActiveCfg = Release|Win32
		{CD3D56E5-F0D1-4015-9BAA-530C6B76C77C}.Release|Win32.Build.0 = Release|Win32
		{1358D2B1-27C9-4525-86DA-2C12AB426F3B}.Debug|Win32.ActiveCfg = Debug|Win32
		{1358D2B1-27C9-4525-86DA-2C12AB426F3B}.Debug|Win32.Build.0 = Debug|Win32
		{1358D2B1-27C9-4525-86DA-2C12AB426F3B}.Release|Win32.ActiveCfg = Release|Win32
		{1358D2B1-27C9-4525-86DA-2C12AB426F3B}.Release|Win32.Build.0 = Release|Win32
		{2AD2E640-9AEF-42AC-95A7-C7899C0CE1EE}.Debug|Win32.ActiveCfg = Debug|Win32
		{2AD2E640-9AEF-42AC-95A7-C7899C0CE1EE}.Debug|Win32.Build.0 = Debug|Win32
		{2AD2E640-9AEF-42AC-95A7-C7899C0CE1EE}.Release|Win32.ActiveCfg = Release|Win32
		{2AD2E640-9AEF-42AC-95A7-C7899C0CE1EE}.Release|Win32.Build.0 = Release|Win32
		{2E91440F-16E7-4E12-9733-0C577B01CD19}.Debug|Win32.ActiveCfg = Debug|Win32
		{2E91440F-16E7-4E12-9733-0C577B01CD19}.Debug|Win32.Build.0 = Debug|Win32
		{2E91440F-16E7-4E12-9733-0C577B01CD19}.Release|Win32.ActiveCfg = Release|Win32
		{2E91440F-16E7-4E12-9733-0C577B01CD19}.Release|Win32.Build.0 = Release|Win32
		{78F064E3-5301-4C97-8BAC-E8E7AF8F3B13}.Debug|Win32.ActiveCfg = Debug|Win32
		{78F064E3-5301-4C97-8BAC-E8E7AF8F3B13}.Debug|Win32.Build.0 = Debug|Win32
		{78F064E3-5301-4C97-8BAC-E8E7AF8F3B13}.Release|Win32.ActiveCfg = Release|Win32
		{78F064E3-5301-4C97-8BAC-E8E7AF8F3B13}.Release|Win32.Build.0 = Release|Win32
		{CDD3659C-CF04-43C1-BA70-60AE6DE09FD0}.Debug|Win32.ActiveCfg = Debug|Win32
		{CDD3659C-CF04-43C1-BA70-60AE6DE09FD0}.Debug|Win32.Build.0 = Debug|Win32
		{CDD3659C-CF04-43C1-BA70-60AE6DE09FD0}.Release|Win32.ActiveCfg = Release|Win32
		{CDD3659C-CF04-43C1-BA70-60AE6DE09FD0}.Release|Win32.Build.0 = Release|Win32
	EndGlobalSection
	GlobalSection(SolutionProperties) = preSolution
		HideSolutionNode = FALSE
	EndGlobalSection
EndGlobal
